
Microsoft Visual Studio Solution File, Format Version 12.00
# Visual Studio Version 16
VisualStudioVersion = 16.0.29230.47
MinimumVisualStudioVersion = 10.0.40219.1
Project("{FAE04EC0-301F-11D3-BF4B-00C04F79EFBC}") = "PrintWebSite", "PrintWebSite\PrintWebSite.csproj", "{0885EAC8-D50D-4D1B-98B6-670509638C2B}"
EndProject
Project("{FAE04EC0-301F-11D3-BF4B-00C04F79EFBC}") = "PrintWebSite.Data", "PrintWebSite.Data\PrintWebSite.Data.csproj", "{91AD01FC-A6E3-45E7-BEDF-CD1A695E4E2B}"
EndProject
Project("{FAE04EC0-301F-11D3-BF4B-00C04F79EFBC}") = "PrintWebSite.Entities", "PrintWebSite.Entities\PrintWebSite.Entities.csproj", "{06A7D976-1D32-41EB-8A85-E57C271D01B6}"
EndProject
Project("{FAE04EC0-301F-11D3-BF4B-00C04F79EFBC}") = "PrintWebSite.Services", "PrintWebSite.Services\PrintWebSite.Services.csproj", "{403E637A-B986-42D6-A366-98CE3E3B6FC7}"
EndProject
Project("{FAE04EC0-301F-11D3-BF4B-00C04F79EFBC}") = "PrintWebSite.Shared", "PrintWebSite.Shared\PrintWebSite.Shared.csproj", "{D8813C8A-71CC-45A6-96B5-D7680CD439FC}"
EndProject
Global
	GlobalSection(SolutionConfigurationPlatforms) = preSolution
		Debug|Any CPU = Debug|Any CPU
		Release|Any CPU = Release|Any CPU
	EndGlobalSection
	GlobalSection(ProjectConfigurationPlatforms) = postSolution
		{0885EAC8-D50D-4D1B-98B6-670509638C2B}.Debug|Any CPU.ActiveCfg = Debug|Any CPU
		{0885EAC8-D50D-4D1B-98B6-670509638C2B}.Debug|Any CPU.Build.0 = Debug|Any CPU
		{0885EAC8-D50D-4D1B-98B6-670509638C2B}.Release|Any CPU.ActiveCfg = Release|Any CPU
		{0885EAC8-D50D-4D1B-98B6-670509638C2B}.Release|Any CPU.Build.0 = Release|Any CPU
		{91AD01FC-A6E3-45E7-BEDF-CD1A695E4E2B}.Debug|Any CPU.ActiveCfg = Debug|Any CPU
		{91AD01FC-A6E3-45E7-BEDF-CD1A695E4E2B}.Debug|Any CPU.Build.0 = Debug|Any CPU
		{91AD01FC-A6E3-45E7-BEDF-CD1A695E4E2B}.Release|Any CPU.ActiveCfg = Release|Any CPU
		{91AD01FC-A6E3-45E7-BEDF-CD1A695E4E2B}.Release|Any CPU.Build.0 = Release|Any CPU
		{06A7D976-1D32-41EB-8A85-E57C271D01B6}.Debug|Any CPU.ActiveCfg = Debug|Any CPU
		{06A7D976-1D32-41EB-8A85-E57C271D01B6}.Debug|Any CPU.Build.0 = Debug|Any CPU
		{06A7D976-1D32-41EB-8A85-E57C271D01B6}.Release|Any CPU.ActiveCfg = Release|Any CPU
		{06A7D976-1D32-41EB-8A85-E57C271D01B6}.Release|Any CPU.Build.0 = Release|Any CPU
		{403E637A-B986-42D6-A366-98CE3E3B6FC7}.Debug|Any CPU.ActiveCfg = Debug|Any CPU
		{403E637A-B986-42D6-A366-98CE3E3B6FC7}.Debug|Any CPU.Build.0 = Debug|Any CPU
		{403E637A-B986-42D6-A366-98CE3E3B6FC7}.Release|Any CPU.ActiveCfg = Release|Any CPU
		{403E637A-B986-42D6-A366-98CE3E3B6FC7}.Release|Any CPU.Build.0 = Release|Any CPU
		{D8813C8A-71CC-45A6-96B5-D7680CD439FC}.Debug|Any CPU.ActiveCfg = Debug|Any CPU
		{D8813C8A-71CC-45A6-96B5-D7680CD439FC}.Debug|Any CPU.Build.0 = Debug|Any CPU
		{D8813C8A-71CC-45A6-96B5-D7680CD439FC}.Release|Any CPU.ActiveCfg = Release|Any CPU
		{D8813C8A-71CC-45A6-96B5-D7680CD439FC}.Release|Any CPU.Build.0 = Release|Any CPU
	EndGlobalSection
	GlobalSection(SolutionProperties) = preSolution
		HideSolutionNode = FALSE
	EndGlobalSection
	GlobalSection(ExtensibilityGlobals) = postSolution
		SolutionGuid = {F46DD3EC-FFA6-41E0-95FB-63AF3D49E5E6}
	EndGlobalSection
EndGlobal
